// !$*UTF8*$!
{
	archiveVersion = 1;
	classes = {
	};
	objectVersion = 46;
	objects = {

/* Begin PBXBuildFile section */
		F8081C661DB526ED00CD8207 /* LCContactViewController.m in Sources */ = {isa = PBXBuildFile; fileRef = F8081C651DB526ED00CD8207 /* LCContactViewController.m */; };
		F8081C691DB5270100CD8207 /* LCMessageViewController.m in Sources */ = {isa = PBXBuildFile; fileRef = F8081C681DB5270100CD8207 /* LCMessageViewController.m */; };
		F82790391D0482E40049A7CA /* main.m in Sources */ = {isa = PBXBuildFile; fileRef = F82790381D0482E40049A7CA /* main.m */; };
		F82790471D0482E40049A7CA /* LaunchScreen.storyboard in Resources */ = {isa = PBXBuildFile; fileRef = F82790451D0482E40049A7CA /* LaunchScreen.storyboard */; };
		F82790991D0488950049A7CA /* AppDelegate.m in Sources */ = {isa = PBXBuildFile; fileRef = F82790511D0488950049A7CA /* AppDelegate.m */; };
		F827909A1D0488950049A7CA /* LCAboutViewController.m in Sources */ = {isa = PBXBuildFile; fileRef = F82790551D0488950049A7CA /* LCAboutViewController.m */; };
		F827909B1D0488950049A7CA /* LCAboutViewController.xib in Resources */ = {isa = PBXBuildFile; fileRef = F82790561D0488950049A7CA /* LCAboutViewController.xib */; };
		F827909C1D0488950049A7CA /* LCEditHeadIconViewController.m in Sources */ = {isa = PBXBuildFile; fileRef = F82790581D0488950049A7CA /* LCEditHeadIconViewController.m */; };
		F827909D1D0488950049A7CA /* LCEditHeadIconViewController.xib in Resources */ = {isa = PBXBuildFile; fileRef = F82790591D0488950049A7CA /* LCEditHeadIconViewController.xib */; };
		F827909E1D0488950049A7CA /* LCFeedbackViewController.m in Sources */ = {isa = PBXBuildFile; fileRef = F827905B1D0488950049A7CA /* LCFeedbackViewController.m */; };
		F827909F1D0488950049A7CA /* LCFeedbackViewController.xib in Resources */ = {isa = PBXBuildFile; fileRef = F827905C1D0488950049A7CA /* LCFeedbackViewController.xib */; };
		F82790A01D0488950049A7CA /* LCForgetPasswordViewController.m in Sources */ = {isa = PBXBuildFile; fileRef = F827905E1D0488950049A7CA /* LCForgetPasswordViewController.m */; };
		F82790A11D0488950049A7CA /* LCForgetPasswordViewController.xib in Resources */ = {isa = PBXBuildFile; fileRef = F827905F1D0488950049A7CA /* LCForgetPasswordViewController.xib */; };
		F82790A21D0488950049A7CA /* LCInputViewController.m in Sources */ = {isa = PBXBuildFile; fileRef = F82790611D0488950049A7CA /* LCInputViewController.m */; };
		F82790A31D0488950049A7CA /* LCInputViewController.xib in Resources */ = {isa = PBXBuildFile; fileRef = F82790621D0488950049A7CA /* LCInputViewController.xib */; };
		F82790A41D0488950049A7CA /* LCLoginViewController.m in Sources */ = {isa = PBXBuildFile; fileRef = F82790641D0488950049A7CA /* LCLoginViewController.m */; };
		F82790A51D0488950049A7CA /* LCLoginViewController.xib in Resources */ = {isa = PBXBuildFile; fileRef = F82790651D0488950049A7CA /* LCLoginViewController.xib */; };
		F82790A61D0488950049A7CA /* LCMineViewController.m in Sources */ = {isa = PBXBuildFile; fileRef = F82790671D0488950049A7CA /* LCMineViewController.m */; };
		F82790A71D0488950049A7CA /* LCNoCollectionViewController.m in Sources */ = {isa = PBXBuildFile; fileRef = F82790691D0488950049A7CA /* LCNoCollectionViewController.m */; };
		F82790A81D0488950049A7CA /* LCProfileViewController.m in Sources */ = {isa = PBXBuildFile; fileRef = F827906B1D0488950049A7CA /* LCProfileViewController.m */; };
		F82790A91D0488950049A7CA /* LCProfileViewController.xib in Resources */ = {isa = PBXBuildFile; fileRef = F827906C1D0488950049A7CA /* LCProfileViewController.xib */; };
		F82790AA1D0488950049A7CA /* LCRegisterViewController.m in Sources */ = {isa = PBXBuildFile; fileRef = F827906E1D0488950049A7CA /* LCRegisterViewController.m */; };
		F82790AB1D0488950049A7CA /* LCRegisterViewController.xib in Resources */ = {isa = PBXBuildFile; fileRef = F827906F1D0488950049A7CA /* LCRegisterViewController.xib */; };
		F82790AF1D0488950049A7CA /* LCSettingViewController.m in Sources */ = {isa = PBXBuildFile; fileRef = F82790761D0488950049A7CA /* LCSettingViewController.m */; };
		F82790B11D0488950049A7CA /* LCHeadIconBgView.m in Sources */ = {isa = PBXBuildFile; fileRef = F827907C1D0488950049A7CA /* LCHeadIconBgView.m */; };
		F82790B21D0488950049A7CA /* LCMineTopView.m in Sources */ = {isa = PBXBuildFile; fileRef = F827907E1D0488950049A7CA /* LCMineTopView.m */; };
		F82790B31D0488950049A7CA /* LCMineTopView.xib in Resources */ = {isa = PBXBuildFile; fileRef = F827907F1D0488950049A7CA /* LCMineTopView.xib */; };
		F82790B71D0488950049A7CA /* LCCommonTool.m in Sources */ = {isa = PBXBuildFile; fileRef = F82790881D0488950049A7CA /* LCCommonTool.m */; };
		F82790B81D0488950049A7CA /* LCConst.m in Sources */ = {isa = PBXBuildFile; fileRef = F827908A1D0488950049A7CA /* LCConst.m */; };
		F82790B91D0488950049A7CA /* LCLog.m in Sources */ = {isa = PBXBuildFile; fileRef = F827908C1D0488950049A7CA /* LCLog.m */; };
		F82790BA1D0488950049A7CA /* NetworkTool.m in Sources */ = {isa = PBXBuildFile; fileRef = F827908E1D0488950049A7CA /* NetworkTool.m */; };
		F82790BB1D0488950049A7CA /* UIBarButtonItem+BlockSupport.m in Sources */ = {isa = PBXBuildFile; fileRef = F82790911D0488950049A7CA /* UIBarButtonItem+BlockSupport.m */; };
		F82790BC1D0488950049A7CA /* WMCustomDatePicker.m in Sources */ = {isa = PBXBuildFile; fileRef = F82790961D0488950049A7CA /* WMCustomDatePicker.m */; };
		F82790BD1D0488950049A7CA /* WMDatepicker_DateModel.m in Sources */ = {isa = PBXBuildFile; fileRef = F82790981D0488950049A7CA /* WMDatepicker_DateModel.m */; };
		F82790D81D0488B50049A7CA /* LCNavigationController.m in Sources */ = {isa = PBXBuildFile; fileRef = F82790C11D0488B50049A7CA /* LCNavigationController.m */; };
		F82790D91D0488B50049A7CA /* LCTabbarController.m in Sources */ = {isa = PBXBuildFile; fileRef = F82790C31D0488B50049A7CA /* LCTabbarController.m */; };
		F82790DA1D0488B50049A7CA /* LCTableViewController.m in Sources */ = {isa = PBXBuildFile; fileRef = F82790C51D0488B50049A7CA /* LCTableViewController.m */; };
		F82790DB1D0488B50049A7CA /* LCViewController.m in Sources */ = {isa = PBXBuildFile; fileRef = F82790C71D0488B50049A7CA /* LCViewController.m */; };
		F82790DC1D0488B50049A7CA /* BaseCellModel.m in Sources */ = {isa = PBXBuildFile; fileRef = F82790CA1D0488B50049A7CA /* BaseCellModel.m */; };
		F82790DE1D0488B50049A7CA /* LCUser.m in Sources */ = {isa = PBXBuildFile; fileRef = F82790CE1D0488B50049A7CA /* LCUser.m */; };
		F82790DF1D0488B50049A7CA /* LCTableViewCell.m in Sources */ = {isa = PBXBuildFile; fileRef = F82790D11D0488B50049A7CA /* LCTableViewCell.m */; };
		F82790E01D0488B50049A7CA /* LCTableViewCell.xib in Resources */ = {isa = PBXBuildFile; fileRef = F82790D21D0488B50049A7CA /* LCTableViewCell.xib */; };
		F82790E21D0488B50049A7CA /* LCUserViewModel.m in Sources */ = {isa = PBXBuildFile; fileRef = F82790D71D0488B50049A7CA /* LCUserViewModel.m */; };
		F8C71B141DB5EA410058BF87 /* LCIMService.m in Sources */ = {isa = PBXBuildFile; fileRef = F8C71B131DB5EA410058BF87 /* LCIMService.m */; };
		F8DC99301DB5327B003C1256 /* Assets.xcassets in Resources */ = {isa = PBXBuildFile; fileRef = F8DC992F1DB5327B003C1256 /* Assets.xcassets */; };
		FBFDC8E9B6929F7B9AD5D40C /* libPods-Lucky2me.a in Frameworks */ = {isa = PBXBuildFile; fileRef = 4CE74FD1BC4301F5D4AFFB9A /* libPods-Lucky2me.a */; };
/* End PBXBuildFile section */

/* Begin PBXFileReference section */
		03785F90E3642D3704AE8D31 /* Pods-Lucky2me.release.xcconfig */ = {isa = PBXFileReference; includeInIndex = 1; lastKnownFileType = text.xcconfig; name = "Pods-Lucky2me.release.xcconfig"; path = "Pods/Target Support Files/Pods-Lucky2me/Pods-Lucky2me.release.xcconfig"; sourceTree = "<group>"; };
		4CE74FD1BC4301F5D4AFFB9A /* libPods-Lucky2me.a */ = {isa = PBXFileReference; explicitFileType = archive.ar; includeInIndex = 0; path = "libPods-Lucky2me.a"; sourceTree = BUILT_PRODUCTS_DIR; };
		DA8B136507BBEB91F1CEBC29 /* Pods-Lucky2me.debug.xcconfig */ = {isa = PBXFileReference; includeInIndex = 1; lastKnownFileType = text.xcconfig; name = "Pods-Lucky2me.debug.xcconfig"; path = "Pods/Target Support Files/Pods-Lucky2me/Pods-Lucky2me.debug.xcconfig"; sourceTree = "<group>"; };
		F8081C641DB526ED00CD8207 /* LCContactViewController.h */ = {isa = PBXFileReference; fileEncoding = 4; lastKnownFileType = sourcecode.c.h; path = LCContactViewController.h; sourceTree = "<group>"; };
		F8081C651DB526ED00CD8207 /* LCContactViewController.m */ = {isa = PBXFileReference; fileEncoding = 4; lastKnownFileType = sourcecode.c.objc; path = LCContactViewController.m; sourceTree = "<group>"; };
		F8081C671DB5270100CD8207 /* LCMessageViewController.h */ = {isa = PBXFileReference; fileEncoding = 4; lastKnownFileType = sourcecode.c.h; path = LCMessageViewController.h; sourceTree = "<group>"; };
		F8081C681DB5270100CD8207 /* LCMessageViewController.m */ = {isa = PBXFileReference; fileEncoding = 4; lastKnownFileType = sourcecode.c.objc; path = LCMessageViewController.m; sourceTree = "<group>"; };
		F82790341D0482E40049A7CA /* Lucky2me.app */ = {isa = PBXFileReference; explicitFileType = wrapper.application; includeInIndex = 0; path = Lucky2me.app; sourceTree = BUILT_PRODUCTS_DIR; };
		F82790381D0482E40049A7CA /* main.m */ = {isa = PBXFileReference; lastKnownFileType = sourcecode.c.objc; path = main.m; sourceTree = "<group>"; };
		F82790461D0482E40049A7CA /* Base */ = {isa = PBXFileReference; lastKnownFileType = file.storyboard; name = Base; path = Base.lproj/LaunchScreen.storyboard; sourceTree = "<group>"; };
		F82790481D0482E40049A7CA /* Info.plist */ = {isa = PBXFileReference; lastKnownFileType = text.plist.xml; path = Info.plist; sourceTree = "<group>"; };
		F82790501D0488950049A7CA /* AppDelegate.h */ = {isa = PBXFileReference; fileEncoding = 4; lastKnownFileType = sourcecode.c.h; path = AppDelegate.h; sourceTree = "<group>"; };
		F82790511D0488950049A7CA /* AppDelegate.m */ = {isa = PBXFileReference; fileEncoding = 4; lastKnownFileType = sourcecode.c.objc; path = AppDelegate.m; sourceTree = "<group>"; };
		F82790541D0488950049A7CA /* LCAboutViewController.h */ = {isa = PBXFileReference; fileEncoding = 4; lastKnownFileType = sourcecode.c.h; path = LCAboutViewController.h; sourceTree = "<group>"; };
		F82790551D0488950049A7CA /* LCAboutViewController.m */ = {isa = PBXFileReference; fileEncoding = 4; lastKnownFileType = sourcecode.c.objc; path = LCAboutViewController.m; sourceTree = "<group>"; };
		F82790561D0488950049A7CA /* LCAboutViewController.xib */ = {isa = PBXFileReference; fileEncoding = 4; lastKnownFileType = file.xib; path = LCAboutViewController.xib; sourceTree = "<group>"; };
		F82790571D0488950049A7CA /* LCEditHeadIconViewController.h */ = {isa = PBXFileReference; fileEncoding = 4; lastKnownFileType = sourcecode.c.h; path = LCEditHeadIconViewController.h; sourceTree = "<group>"; };
		F82790581D0488950049A7CA /* LCEditHeadIconViewController.m */ = {isa = PBXFileReference; fileEncoding = 4; lastKnownFileType = sourcecode.c.objc; path = LCEditHeadIconViewController.m; sourceTree = "<group>"; };
		F82790591D0488950049A7CA /* LCEditHeadIconViewController.xib */ = {isa = PBXFileReference; fileEncoding = 4; lastKnownFileType = file.xib; path = LCEditHeadIconViewController.xib; sourceTree = "<group>"; };
		F827905A1D0488950049A7CA /* LCFeedbackViewController.h */ = {isa = PBXFileReference; fileEncoding = 4; lastKnownFileType = sourcecode.c.h; path = LCFeedbackViewController.h; sourceTree = "<group>"; };
		F827905B1D0488950049A7CA /* LCFeedbackViewController.m */ = {isa = PBXFileReference; fileEncoding = 4; lastKnownFileType = sourcecode.c.objc; path = LCFeedbackViewController.m; sourceTree = "<group>"; };
		F827905C1D0488950049A7CA /* LCFeedbackViewController.xib */ = {isa = PBXFileReference; fileEncoding = 4; lastKnownFileType = file.xib; path = LCFeedbackViewController.xib; sourceTree = "<group>"; };
		F827905D1D0488950049A7CA /* LCForgetPasswordViewController.h */ = {isa = PBXFileReference; fileEncoding = 4; lastKnownFileType = sourcecode.c.h; path = LCForgetPasswordViewController.h; sourceTree = "<group>"; };
		F827905E1D0488950049A7CA /* LCForgetPasswordViewController.m */ = {isa = PBXFileReference; fileEncoding = 4; lastKnownFileType = sourcecode.c.objc; path = LCForgetPasswordViewController.m; sourceTree = "<group>"; };
		F827905F1D0488950049A7CA /* LCForgetPasswordViewController.xib */ = {isa = PBXFileReference; fileEncoding = 4; lastKnownFileType = file.xib; path = LCForgetPasswordViewController.xib; sourceTree = "<group>"; };
		F82790601D0488950049A7CA /* LCInputViewController.h */ = {isa = PBXFileReference; fileEncoding = 4; lastKnownFileType = sourcecode.c.h; path = LCInputViewController.h; sourceTree = "<group>"; };
		F82790611D0488950049A7CA /* LCInputViewController.m */ = {isa = PBXFileReference; fileEncoding = 4; lastKnownFileType = sourcecode.c.objc; path = LCInputViewController.m; sourceTree = "<group>"; };
		F82790621D0488950049A7CA /* LCInputViewController.xib */ = {isa = PBXFileReference; fileEncoding = 4; lastKnownFileType = file.xib; path = LCInputViewController.xib; sourceTree = "<group>"; };
		F82790631D0488950049A7CA /* LCLoginViewController.h */ = {isa = PBXFileReference; fileEncoding = 4; lastKnownFileType = sourcecode.c.h; path = LCLoginViewController.h; sourceTree = "<group>"; };
		F82790641D0488950049A7CA /* LCLoginViewController.m */ = {isa = PBXFileReference; fileEncoding = 4; lastKnownFileType = sourcecode.c.objc; path = LCLoginViewController.m; sourceTree = "<group>"; };
		F82790651D0488950049A7CA /* LCLoginViewController.xib */ = {isa = PBXFileReference; fileEncoding = 4; lastKnownFileType = file.xib; path = LCLoginViewController.xib; sourceTree = "<group>"; };
		F82790661D0488950049A7CA /* LCMineViewController.h */ = {isa = PBXFileReference; fileEncoding = 4; lastKnownFileType = sourcecode.c.h; path = LCMineViewController.h; sourceTree = "<group>"; };
		F82790671D0488950049A7CA /* LCMineViewController.m */ = {isa = PBXFileReference; fileEncoding = 4; lastKnownFileType = sourcecode.c.objc; path = LCMineViewController.m; sourceTree = "<group>"; };
		F82790681D0488950049A7CA /* LCNoCollectionViewController.h */ = {isa = PBXFileReference; fileEncoding = 4; lastKnownFileType = sourcecode.c.h; path = LCNoCollectionViewController.h; sourceTree = "<group>"; };
		F82790691D0488950049A7CA /* LCNoCollectionViewController.m */ = {isa = PBXFileReference; fileEncoding = 4; lastKnownFileType = sourcecode.c.objc; path = LCNoCollectionViewController.m; sourceTree = "<group>"; };
		F827906A1D0488950049A7CA /* LCProfileViewController.h */ = {isa = PBXFileReference; fileEncoding = 4; lastKnownFileType = sourcecode.c.h; path = LCProfileViewController.h; sourceTree = "<group>"; };
		F827906B1D0488950049A7CA /* LCProfileViewController.m */ = {isa = PBXFileReference; fileEncoding = 4; lastKnownFileType = sourcecode.c.objc; path = LCProfileViewController.m; sourceTree = "<group>"; };
		F827906C1D0488950049A7CA /* LCProfileViewController.xib */ = {isa = PBXFileReference; fileEncoding = 4; lastKnownFileType = file.xib; path = LCProfileViewController.xib; sourceTree = "<group>"; };
		F827906D1D0488950049A7CA /* LCRegisterViewController.h */ = {isa = PBXFileReference; fileEncoding = 4; lastKnownFileType = sourcecode.c.h; path = LCRegisterViewController.h; sourceTree = "<group>"; };
		F827906E1D0488950049A7CA /* LCRegisterViewController.m */ = {isa = PBXFileReference; fileEncoding = 4; lastKnownFileType = sourcecode.c.objc; path = LCRegisterViewController.m; sourceTree = "<group>"; };
		F827906F1D0488950049A7CA /* LCRegisterViewController.xib */ = {isa = PBXFileReference; fileEncoding = 4; lastKnownFileType = file.xib; path = LCRegisterViewController.xib; sourceTree = "<group>"; };
		F82790751D0488950049A7CA /* LCSettingViewController.h */ = {isa = PBXFileReference; fileEncoding = 4; lastKnownFileType = sourcecode.c.h; path = LCSettingViewController.h; sourceTree = "<group>"; };
		F82790761D0488950049A7CA /* LCSettingViewController.m */ = {isa = PBXFileReference; fileEncoding = 4; lastKnownFileType = sourcecode.c.objc; path = LCSettingViewController.m; sourceTree = "<group>"; };
		F827907B1D0488950049A7CA /* LCHeadIconBgView.h */ = {isa = PBXFileReference; fileEncoding = 4; lastKnownFileType = sourcecode.c.h; path = LCHeadIconBgView.h; sourceTree = "<group>"; };
		F827907C1D0488950049A7CA /* LCHeadIconBgView.m */ = {isa = PBXFileReference; fileEncoding = 4; lastKnownFileType = sourcecode.c.objc; path = LCHeadIconBgView.m; sourceTree = "<group>"; };
		F827907D1D0488950049A7CA /* LCMineTopView.h */ = {isa = PBXFileReference; fileEncoding = 4; lastKnownFileType = sourcecode.c.h; path = LCMineTopView.h; sourceTree = "<group>"; };
		F827907E1D0488950049A7CA /* LCMineTopView.m */ = {isa = PBXFileReference; fileEncoding = 4; lastKnownFileType = sourcecode.c.objc; path = LCMineTopView.m; sourceTree = "<group>"; };
		F827907F1D0488950049A7CA /* LCMineTopView.xib */ = {isa = PBXFileReference; fileEncoding = 4; lastKnownFileType = file.xib; path = LCMineTopView.xib; sourceTree = "<group>"; };
		F82790871D0488950049A7CA /* LCCommonTool.h */ = {isa = PBXFileReference; fileEncoding = 4; lastKnownFileType = sourcecode.c.h; path = LCCommonTool.h; sourceTree = "<group>"; };
		F82790881D0488950049A7CA /* LCCommonTool.m */ = {isa = PBXFileReference; fileEncoding = 4; lastKnownFileType = sourcecode.c.objc; path = LCCommonTool.m; sourceTree = "<group>"; };
		F82790891D0488950049A7CA /* LCConst.h */ = {isa = PBXFileReference; fileEncoding = 4; lastKnownFileType = sourcecode.c.h; path = LCConst.h; sourceTree = "<group>"; };
		F827908A1D0488950049A7CA /* LCConst.m */ = {isa = PBXFileReference; fileEncoding = 4; lastKnownFileType = sourcecode.c.objc; path = LCConst.m; sourceTree = "<group>"; };
		F827908B1D0488950049A7CA /* LCLog.h */ = {isa = PBXFileReference; fileEncoding = 4; lastKnownFileType = sourcecode.c.h; path = LCLog.h; sourceTree = "<group>"; };
		F827908C1D0488950049A7CA /* LCLog.m */ = {isa = PBXFileReference; fileEncoding = 4; lastKnownFileType = sourcecode.c.objc; path = LCLog.m; sourceTree = "<group>"; };
		F827908D1D0488950049A7CA /* NetworkTool.h */ = {isa = PBXFileReference; fileEncoding = 4; lastKnownFileType = sourcecode.c.h; path = NetworkTool.h; sourceTree = "<group>"; };
		F827908E1D0488950049A7CA /* NetworkTool.m */ = {isa = PBXFileReference; fileEncoding = 4; lastKnownFileType = sourcecode.c.objc; path = NetworkTool.m; sourceTree = "<group>"; };
		F827908F1D0488950049A7CA /* PrefixHeader.pch */ = {isa = PBXFileReference; fileEncoding = 4; lastKnownFileType = sourcecode.c.h; path = PrefixHeader.pch; sourceTree = "<group>"; };
		F82790901D0488950049A7CA /* UIBarButtonItem+BlockSupport.h */ = {isa = PBXFileReference; fileEncoding = 4; lastKnownFileType = sourcecode.c.h; path = "UIBarButtonItem+BlockSupport.h"; sourceTree = "<group>"; };
		F82790911D0488950049A7CA /* UIBarButtonItem+BlockSupport.m */ = {isa = PBXFileReference; fileEncoding = 4; lastKnownFileType = sourcecode.c.objc; path = "UIBarButtonItem+BlockSupport.m"; sourceTree = "<group>"; };
		F82790921D0488950049A7CA /* URLs.pch */ = {isa = PBXFileReference; fileEncoding = 4; lastKnownFileType = sourcecode.c.h; path = URLs.pch; sourceTree = "<group>"; };
		F82790951D0488950049A7CA /* WMCustomDatePicker.h */ = {isa = PBXFileReference; fileEncoding = 4; lastKnownFileType = sourcecode.c.h; path = WMCustomDatePicker.h; sourceTree = "<group>"; };
		F82790961D0488950049A7CA /* WMCustomDatePicker.m */ = {isa = PBXFileReference; fileEncoding = 4; lastKnownFileType = sourcecode.c.objc; path = WMCustomDatePicker.m; sourceTree = "<group>"; };
		F82790971D0488950049A7CA /* WMDatepicker_DateModel.h */ = {isa = PBXFileReference; fileEncoding = 4; lastKnownFileType = sourcecode.c.h; path = WMDatepicker_DateModel.h; sourceTree = "<group>"; };
		F82790981D0488950049A7CA /* WMDatepicker_DateModel.m */ = {isa = PBXFileReference; fileEncoding = 4; lastKnownFileType = sourcecode.c.objc; path = WMDatepicker_DateModel.m; sourceTree = "<group>"; };
		F82790C01D0488B50049A7CA /* LCNavigationController.h */ = {isa = PBXFileReference; fileEncoding = 4; lastKnownFileType = sourcecode.c.h; path = LCNavigationController.h; sourceTree = "<group>"; };
		F82790C11D0488B50049A7CA /* LCNavigationController.m */ = {isa = PBXFileReference; fileEncoding = 4; lastKnownFileType = sourcecode.c.objc; path = LCNavigationController.m; sourceTree = "<group>"; };
		F82790C21D0488B50049A7CA /* LCTabbarController.h */ = {isa = PBXFileReference; fileEncoding = 4; lastKnownFileType = sourcecode.c.h; path = LCTabbarController.h; sourceTree = "<group>"; };
		F82790C31D0488B50049A7CA /* LCTabbarController.m */ = {isa = PBXFileReference; fileEncoding = 4; lastKnownFileType = sourcecode.c.objc; path = LCTabbarController.m; sourceTree = "<group>"; };
		F82790C41D0488B50049A7CA /* LCTableViewController.h */ = {isa = PBXFileReference; fileEncoding = 4; lastKnownFileType = sourcecode.c.h; path = LCTableViewController.h; sourceTree = "<group>"; };
		F82790C51D0488B50049A7CA /* LCTableViewController.m */ = {isa = PBXFileReference; fileEncoding = 4; lastKnownFileType = sourcecode.c.objc; path = LCTableViewController.m; sourceTree = "<group>"; };
		F82790C61D0488B50049A7CA /* LCViewController.h */ = {isa = PBXFileReference; fileEncoding = 4; lastKnownFileType = sourcecode.c.h; path = LCViewController.h; sourceTree = "<group>"; };
		F82790C71D0488B50049A7CA /* LCViewController.m */ = {isa = PBXFileReference; fileEncoding = 4; lastKnownFileType = sourcecode.c.objc; path = LCViewController.m; sourceTree = "<group>"; };
		F82790C91D0488B50049A7CA /* BaseCellModel.h */ = {isa = PBXFileReference; fileEncoding = 4; lastKnownFileType = sourcecode.c.h; path = BaseCellModel.h; sourceTree = "<group>"; };
		F82790CA1D0488B50049A7CA /* BaseCellModel.m */ = {isa = PBXFileReference; fileEncoding = 4; lastKnownFileType = sourcecode.c.objc; path = BaseCellModel.m; sourceTree = "<group>"; };
		F82790CD1D0488B50049A7CA /* LCUser.h */ = {isa = PBXFileReference; fileEncoding = 4; lastKnownFileType = sourcecode.c.h; path = LCUser.h; sourceTree = "<group>"; };
		F82790CE1D0488B50049A7CA /* LCUser.m */ = {isa = PBXFileReference; fileEncoding = 4; lastKnownFileType = sourcecode.c.objc; path = LCUser.m; sourceTree = "<group>"; };
		F82790D01D0488B50049A7CA /* LCTableViewCell.h */ = {isa = PBXFileReference; fileEncoding = 4; lastKnownFileType = sourcecode.c.h; path = LCTableViewCell.h; sourceTree = "<group>"; };
		F82790D11D0488B50049A7CA /* LCTableViewCell.m */ = {isa = PBXFileReference; fileEncoding = 4; lastKnownFileType = sourcecode.c.objc; path = LCTableViewCell.m; sourceTree = "<group>"; };
		F82790D21D0488B50049A7CA /* LCTableViewCell.xib */ = {isa = PBXFileReference; fileEncoding = 4; lastKnownFileType = file.xib; path = LCTableViewCell.xib; sourceTree = "<group>"; };
		F82790D61D0488B50049A7CA /* LCUserViewModel.h */ = {isa = PBXFileReference; fileEncoding = 4; lastKnownFileType = sourcecode.c.h; path = LCUserViewModel.h; sourceTree = "<group>"; };
		F82790D71D0488B50049A7CA /* LCUserViewModel.m */ = {isa = PBXFileReference; fileEncoding = 4; lastKnownFileType = sourcecode.c.objc; path = LCUserViewModel.m; sourceTree = "<group>"; };
		F8C71B121DB5EA410058BF87 /* LCIMService.h */ = {isa = PBXFileReference; fileEncoding = 4; lastKnownFileType = sourcecode.c.h; path = LCIMService.h; sourceTree = "<group>"; };
		F8C71B131DB5EA410058BF87 /* LCIMService.m */ = {isa = PBXFileReference; fileEncoding = 4; lastKnownFileType = sourcecode.c.objc; path = LCIMService.m; sourceTree = "<group>"; };
		F8C71B181DB62FFC0058BF87 /* LCConfig.h */ = {isa = PBXFileReference; lastKnownFileType = sourcecode.c.h; path = LCConfig.h; sourceTree = "<group>"; };
		F8DC992F1DB5327B003C1256 /* Assets.xcassets */ = {isa = PBXFileReference; lastKnownFileType = folder.assetcatalog; path = Assets.xcassets; sourceTree = "<group>"; };
/* End PBXFileReference section */

/* Begin PBXFrameworksBuildPhase section */
		F82790311D0482E40049A7CA /* Frameworks */ = {
			isa = PBXFrameworksBuildPhase;
			buildActionMask = 2147483647;
			files = (
				FBFDC8E9B6929F7B9AD5D40C /* libPods-Lucky2me.a in Frameworks */,
			);
			runOnlyForDeploymentPostprocessing = 0;
		};
/* End PBXFrameworksBuildPhase section */

/* Begin PBXGroup section */
		6B449007C4DC0F8B5036A3CB /* Pods */ = {
			isa = PBXGroup;
			children = (
				DA8B136507BBEB91F1CEBC29 /* Pods-Lucky2me.debug.xcconfig */,
				03785F90E3642D3704AE8D31 /* Pods-Lucky2me.release.xcconfig */,
			);
			name = Pods;
			sourceTree = "<group>";
		};
		84743985B7F7A1814E4E97A7 /* Frameworks */ = {
			isa = PBXGroup;
			children = (
				4CE74FD1BC4301F5D4AFFB9A /* libPods-Lucky2me.a */,
			);
			name = Frameworks;
			sourceTree = "<group>";
		};
		F8081C5C1DB5266800CD8207 /* Contact */ = {
			isa = PBXGroup;
			children = (
				F8081C5D1DB5266800CD8207 /* Controller */,
				F8081C5E1DB5266800CD8207 /* Model */,
				F8081C5F1DB5266800CD8207 /* View */,
			);
			path = Contact;
			sourceTree = "<group>";
		};
		F8081C5D1DB5266800CD8207 /* Controller */ = {
			isa = PBXGroup;
			children = (
				F8081C641DB526ED00CD8207 /* LCContactViewController.h */,
				F8081C651DB526ED00CD8207 /* LCContactViewController.m */,
			);
			path = Controller;
			sourceTree = "<group>";
		};
		F8081C5E1DB5266800CD8207 /* Model */ = {
			isa = PBXGroup;
			children = (
			);
			path = Model;
			sourceTree = "<group>";
		};
		F8081C5F1DB5266800CD8207 /* View */ = {
			isa = PBXGroup;
			children = (
			);
			path = View;
			sourceTree = "<group>";
		};
		F8081C601DB5266800CD8207 /* Message */ = {
			isa = PBXGroup;
			children = (
				F8081C611DB5266800CD8207 /* Controller */,
				F8081C621DB5266800CD8207 /* Model */,
				F8081C631DB5266800CD8207 /* View */,
			);
			path = Message;
			sourceTree = "<group>";
		};
		F8081C611DB5266800CD8207 /* Controller */ = {
			isa = PBXGroup;
			children = (
				F8081C671DB5270100CD8207 /* LCMessageViewController.h */,
				F8081C681DB5270100CD8207 /* LCMessageViewController.m */,
			);
			path = Controller;
			sourceTree = "<group>";
		};
		F8081C621DB5266800CD8207 /* Model */ = {
			isa = PBXGroup;
			children = (
			);
			path = Model;
			sourceTree = "<group>";
		};
		F8081C631DB5266800CD8207 /* View */ = {
			isa = PBXGroup;
			children = (
			);
			path = View;
			sourceTree = "<group>";
		};
		F827902B1D0482E40049A7CA = {
			isa = PBXGroup;
			children = (
				F82790361D0482E40049A7CA /* Lucky2me */,
				F82790351D0482E40049A7CA /* Products */,
				6B449007C4DC0F8B5036A3CB /* Pods */,
				84743985B7F7A1814E4E97A7 /* Frameworks */,
			);
			sourceTree = "<group>";
		};
		F82790351D0482E40049A7CA /* Products */ = {
			isa = PBXGroup;
			children = (
				F82790341D0482E40049A7CA /* Lucky2me.app */,
			);
			name = Products;
			sourceTree = "<group>";
		};
		F82790361D0482E40049A7CA /* Lucky2me */ = {
			isa = PBXGroup;
			children = (
				F827904E1D0488950049A7CA /* Classes */,
				F82790371D0482E40049A7CA /* Supporting Files */,
			);
			path = Lucky2me;
			sourceTree = "<group>";
		};
		F82790371D0482E40049A7CA /* Supporting Files */ = {
			isa = PBXGroup;
			children = (
				F8DC992F1DB5327B003C1256 /* Assets.xcassets */,
				F82790451D0482E40049A7CA /* LaunchScreen.storyboard */,
				F82790481D0482E40049A7CA /* Info.plist */,
				F82790381D0482E40049A7CA /* main.m */,
			);
			name = "Supporting Files";
			sourceTree = "<group>";
		};
		F827904E1D0488950049A7CA /* Classes */ = {
			isa = PBXGroup;
			children = (
				F8C71B111DB5EA270058BF87 /* Service */,
				F827904F1D0488950049A7CA /* AppDelegate */,
				F82790BE1D0488B50049A7CA /* Common */,
				F8081C5C1DB5266800CD8207 /* Contact */,
				F8081C601DB5266800CD8207 /* Message */,
				F82790521D0488950049A7CA /* Mine */,
				F82790861D0488950049A7CA /* Utils */,
			);
			path = Classes;
			sourceTree = "<group>";
		};
		F827904F1D0488950049A7CA /* AppDelegate */ = {
			isa = PBXGroup;
			children = (
				F82790501D0488950049A7CA /* AppDelegate.h */,
				F82790511D0488950049A7CA /* AppDelegate.m */,
			);
			path = AppDelegate;
			sourceTree = "<group>";
		};
		F82790521D0488950049A7CA /* Mine */ = {
			isa = PBXGroup;
			children = (
				F82790531D0488950049A7CA /* Controller */,
				F82790771D0488950049A7CA /* Model */,
				F827907A1D0488950049A7CA /* View */,
			);
			path = Mine;
			sourceTree = "<group>";
		};
		F82790531D0488950049A7CA /* Controller */ = {
			isa = PBXGroup;
			children = (
				F82790541D0488950049A7CA /* LCAboutViewController.h */,
				F82790551D0488950049A7CA /* LCAboutViewController.m */,
				F82790561D0488950049A7CA /* LCAboutViewController.xib */,
				F82790571D0488950049A7CA /* LCEditHeadIconViewController.h */,
				F82790581D0488950049A7CA /* LCEditHeadIconViewController.m */,
				F82790591D0488950049A7CA /* LCEditHeadIconViewController.xib */,
				F827905A1D0488950049A7CA /* LCFeedbackViewController.h */,
				F827905B1D0488950049A7CA /* LCFeedbackViewController.m */,
				F827905C1D0488950049A7CA /* LCFeedbackViewController.xib */,
				F827905D1D0488950049A7CA /* LCForgetPasswordViewController.h */,
				F827905E1D0488950049A7CA /* LCForgetPasswordViewController.m */,
				F827905F1D0488950049A7CA /* LCForgetPasswordViewController.xib */,
				F82790601D0488950049A7CA /* LCInputViewController.h */,
				F82790611D0488950049A7CA /* LCInputViewController.m */,
				F82790621D0488950049A7CA /* LCInputViewController.xib */,
				F82790631D0488950049A7CA /* LCLoginViewController.h */,
				F82790641D0488950049A7CA /* LCLoginViewController.m */,
				F82790651D0488950049A7CA /* LCLoginViewController.xib */,
				F82790661D0488950049A7CA /* LCMineViewController.h */,
				F82790671D0488950049A7CA /* LCMineViewController.m */,
				F82790681D0488950049A7CA /* LCNoCollectionViewController.h */,
				F82790691D0488950049A7CA /* LCNoCollectionViewController.m */,
				F827906A1D0488950049A7CA /* LCProfileViewController.h */,
				F827906B1D0488950049A7CA /* LCProfileViewController.m */,
				F827906C1D0488950049A7CA /* LCProfileViewController.xib */,
				F827906D1D0488950049A7CA /* LCRegisterViewController.h */,
				F827906E1D0488950049A7CA /* LCRegisterViewController.m */,
				F827906F1D0488950049A7CA /* LCRegisterViewController.xib */,
				F82790751D0488950049A7CA /* LCSettingViewController.h */,
				F82790761D0488950049A7CA /* LCSettingViewController.m */,
			);
			path = Controller;
			sourceTree = "<group>";
		};
		F82790771D0488950049A7CA /* Model */ = {
			isa = PBXGroup;
			children = (
			);
			path = Model;
			sourceTree = "<group>";
		};
		F827907A1D0488950049A7CA /* View */ = {
			isa = PBXGroup;
			children = (
				F827907B1D0488950049A7CA /* LCHeadIconBgView.h */,
				F827907C1D0488950049A7CA /* LCHeadIconBgView.m */,
				F827907D1D0488950049A7CA /* LCMineTopView.h */,
				F827907E1D0488950049A7CA /* LCMineTopView.m */,
				F827907F1D0488950049A7CA /* LCMineTopView.xib */,
			);
			path = View;
			sourceTree = "<group>";
		};
		F82790861D0488950049A7CA /* Utils */ = {
			isa = PBXGroup;
			children = (
				F8C71B181DB62FFC0058BF87 /* LCConfig.h */,
				F82790871D0488950049A7CA /* LCCommonTool.h */,
				F82790881D0488950049A7CA /* LCCommonTool.m */,
				F82790891D0488950049A7CA /* LCConst.h */,
				F827908A1D0488950049A7CA /* LCConst.m */,
				F827908B1D0488950049A7CA /* LCLog.h */,
				F827908C1D0488950049A7CA /* LCLog.m */,
				F827908D1D0488950049A7CA /* NetworkTool.h */,
				F827908E1D0488950049A7CA /* NetworkTool.m */,
				F827908F1D0488950049A7CA /* PrefixHeader.pch */,
				F82790901D0488950049A7CA /* UIBarButtonItem+BlockSupport.h */,
				F82790911D0488950049A7CA /* UIBarButtonItem+BlockSupport.m */,
				F82790921D0488950049A7CA /* URLs.pch */,
				F82790931D0488950049A7CA /* Vendor */,
			);
			path = Utils;
			sourceTree = "<group>";
		};
		F82790931D0488950049A7CA /* Vendor */ = {
			isa = PBXGroup;
			children = (
				F82790941D0488950049A7CA /* WMCoustomDatepicker */,
			);
			path = Vendor;
			sourceTree = "<group>";
		};
		F82790941D0488950049A7CA /* WMCoustomDatepicker */ = {
			isa = PBXGroup;
			children = (
				F82790951D0488950049A7CA /* WMCustomDatePicker.h */,
				F82790961D0488950049A7CA /* WMCustomDatePicker.m */,
				F82790971D0488950049A7CA /* WMDatepicker_DateModel.h */,
				F82790981D0488950049A7CA /* WMDatepicker_DateModel.m */,
			);
			path = WMCoustomDatepicker;
			sourceTree = "<group>";
		};
		F82790BE1D0488B50049A7CA /* Common */ = {
			isa = PBXGroup;
			children = (
				F82790BF1D0488B50049A7CA /* Controller */,
				F82790C81D0488B50049A7CA /* Model */,
				F82790CF1D0488B50049A7CA /* View */,
				F82790D31D0488B50049A7CA /* ViewModel */,
			);
			path = Common;
			sourceTree = "<group>";
		};
		F82790BF1D0488B50049A7CA /* Controller */ = {
			isa = PBXGroup;
			children = (
				F82790C01D0488B50049A7CA /* LCNavigationController.h */,
				F82790C11D0488B50049A7CA /* LCNavigationController.m */,
				F82790C21D0488B50049A7CA /* LCTabbarController.h */,
				F82790C31D0488B50049A7CA /* LCTabbarController.m */,
				F82790C41D0488B50049A7CA /* LCTableViewController.h */,
				F82790C51D0488B50049A7CA /* LCTableViewController.m */,
				F82790C61D0488B50049A7CA /* LCViewController.h */,
				F82790C71D0488B50049A7CA /* LCViewController.m */,
			);
			path = Controller;
			sourceTree = "<group>";
		};
		F82790C81D0488B50049A7CA /* Model */ = {
			isa = PBXGroup;
			children = (
				F82790C91D0488B50049A7CA /* BaseCellModel.h */,
				F82790CA1D0488B50049A7CA /* BaseCellModel.m */,
				F82790CD1D0488B50049A7CA /* LCUser.h */,
				F82790CE1D0488B50049A7CA /* LCUser.m */,
			);
			path = Model;
			sourceTree = "<group>";
		};
		F82790CF1D0488B50049A7CA /* View */ = {
			isa = PBXGroup;
			children = (
				F82790D01D0488B50049A7CA /* LCTableViewCell.h */,
				F82790D11D0488B50049A7CA /* LCTableViewCell.m */,
				F82790D21D0488B50049A7CA /* LCTableViewCell.xib */,
			);
			path = View;
			sourceTree = "<group>";
		};
		F82790D31D0488B50049A7CA /* ViewModel */ = {
			isa = PBXGroup;
			children = (
				F82790D61D0488B50049A7CA /* LCUserViewModel.h */,
				F82790D71D0488B50049A7CA /* LCUserViewModel.m */,
			);
			path = ViewModel;
			sourceTree = "<group>";
		};
		F8C71B111DB5EA270058BF87 /* Service */ = {
			isa = PBXGroup;
			children = (
				F8C71B121DB5EA410058BF87 /* LCIMService.h */,
				F8C71B131DB5EA410058BF87 /* LCIMService.m */,
			);
			path = Service;
			sourceTree = "<group>";
		};
/* End PBXGroup section */

/* Begin PBXNativeTarget section */
		F82790331D0482E40049A7CA /* Lucky2me */ = {
			isa = PBXNativeTarget;
			buildConfigurationList = F827904B1D0482E40049A7CA /* Build configuration list for PBXNativeTarget "Lucky2me" */;
			buildPhases = (
				4F5C1EE2CC56C601414925E1 /* [CP] Check Pods Manifest.lock */,
				F82790301D0482E40049A7CA /* Sources */,
				F82790311D0482E40049A7CA /* Frameworks */,
				F82790321D0482E40049A7CA /* Resources */,
				684E7D6137C8FFE452712FCA /* [CP] Embed Pods Frameworks */,
				B403A8A29E32431F4C9F911C /* [CP] Copy Pods Resources */,
			);
			buildRules = (
			);
			dependencies = (
			);
			name = Lucky2me;
			productName = Lucky2me;
			productReference = F82790341D0482E40049A7CA /* Lucky2me.app */;
			productType = "com.apple.product-type.application";
		};
/* End PBXNativeTarget section */

/* Begin PBXProject section */
		F827902C1D0482E40049A7CA /* Project object */ = {
			isa = PBXProject;
			attributes = {
				CLASSPREFIX = LC;
				LastUpgradeCheck = 0800;
				ORGANIZATIONNAME = "甘文鹏";
				TargetAttributes = {
					F82790331D0482E40049A7CA = {
						CreatedOnToolsVersion = 7.3;
						DevelopmentTeam = 4WWFZEKKG2;
					};
				};
			};
			buildConfigurationList = F827902F1D0482E40049A7CA /* Build configuration list for PBXProject "Lucky2me" */;
			compatibilityVersion = "Xcode 3.2";
			developmentRegion = English;
			hasScannedForEncodings = 0;
			knownRegions = (
				en,
				Base,
			);
			mainGroup = F827902B1D0482E40049A7CA;
			productRefGroup = F82790351D0482E40049A7CA /* Products */;
			projectDirPath = "";
			projectRoot = "";
			targets = (
				F82790331D0482E40049A7CA /* Lucky2me */,
			);
		};
/* End PBXProject section */

/* Begin PBXResourcesBuildPhase section */
		F82790321D0482E40049A7CA /* Resources */ = {
			isa = PBXResourcesBuildPhase;
			buildActionMask = 2147483647;
			files = (
				F827909F1D0488950049A7CA /* LCFeedbackViewController.xib in Resources */,
				F82790AB1D0488950049A7CA /* LCRegisterViewController.xib in Resources */,
				F827909D1D0488950049A7CA /* LCEditHeadIconViewController.xib in Resources */,
				F82790471D0482E40049A7CA /* LaunchScreen.storyboard in Resources */,
				F82790E01D0488B50049A7CA /* LCTableViewCell.xib in Resources */,
				F82790A91D0488950049A7CA /* LCProfileViewController.xib in Resources */,
				F827909B1D0488950049A7CA /* LCAboutViewController.xib in Resources */,
				F82790B31D0488950049A7CA /* LCMineTopView.xib in Resources */,
				F82790A11D0488950049A7CA /* LCForgetPasswordViewController.xib in Resources */,
				F82790A51D0488950049A7CA /* LCLoginViewController.xib in Resources */,
				F8DC99301DB5327B003C1256 /* Assets.xcassets in Resources */,
				F82790A31D0488950049A7CA /* LCInputViewController.xib in Resources */,
			);
			runOnlyForDeploymentPostprocessing = 0;
		};
/* End PBXResourcesBuildPhase section */

/* Begin PBXShellScriptBuildPhase section */
		4F5C1EE2CC56C601414925E1 /* [CP] Check Pods Manifest.lock */ = {
			isa = PBXShellScriptBuildPhase;
			buildActionMask = 2147483647;
			files = (
			);
			inputPaths = (
			);
			name = "[CP] Check Pods Manifest.lock";
			outputPaths = (
			);
			runOnlyForDeploymentPostprocessing = 0;
			shellPath = /bin/sh;
			shellScript = "diff \"${PODS_ROOT}/../Podfile.lock\" \"${PODS_ROOT}/Manifest.lock\" > /dev/null\nif [[ $? != 0 ]] ; then\n    cat << EOM\nerror: The sandbox is not in sync with the Podfile.lock. Run 'pod install' or update your CocoaPods installation.\nEOM\n    exit 1\nfi\n";
			showEnvVarsInLog = 0;
		};
		684E7D6137C8FFE452712FCA /* [CP] Embed Pods Frameworks */ = {
			isa = PBXShellScriptBuildPhase;
			buildActionMask = 2147483647;
			files = (
			);
			inputPaths = (
			);
			name = "[CP] Embed Pods Frameworks";
			outputPaths = (
			);
			runOnlyForDeploymentPostprocessing = 0;
			shellPath = /bin/sh;
			shellScript = "\"${SRCROOT}/Pods/Target Support Files/Pods-Lucky2me/Pods-Lucky2me-frameworks.sh\"\n";
			showEnvVarsInLog = 0;
		};
		B403A8A29E32431F4C9F911C /* [CP] Copy Pods Resources */ = {
			isa = PBXShellScriptBuildPhase;
			buildActionMask = 2147483647;
			files = (
			);
			inputPaths = (
			);
			name = "[CP] Copy Pods Resources";
			outputPaths = (
			);
			runOnlyForDeploymentPostprocessing = 0;
			shellPath = /bin/sh;
			shellScript = "\"${SRCROOT}/Pods/Target Support Files/Pods-Lucky2me/Pods-Lucky2me-resources.sh\"\n";
			showEnvVarsInLog = 0;
		};
/* End PBXShellScriptBuildPhase section */

/* Begin PBXSourcesBuildPhase section */
		F82790301D0482E40049A7CA /* Sources */ = {
			isa = PBXSourcesBuildPhase;
			buildActionMask = 2147483647;
			files = (
				F82790BA1D0488950049A7CA /* NetworkTool.m in Sources */,
				F82790DB1D0488B50049A7CA /* LCViewController.m in Sources */,
				F82790AA1D0488950049A7CA /* LCRegisterViewController.m in Sources */,
				F82790E21D0488B50049A7CA /* LCUserViewModel.m in Sources */,
				F827909A1D0488950049A7CA /* LCAboutViewController.m in Sources */,
				F82790DA1D0488B50049A7CA /* LCTableViewController.m in Sources */,
				F82790B71D0488950049A7CA /* LCCommonTool.m in Sources */,
				F8081C691DB5270100CD8207 /* LCMessageViewController.m in Sources */,
				F82790DF1D0488B50049A7CA /* LCTableViewCell.m in Sources */,
				F82790A61D0488950049A7CA /* LCMineViewController.m in Sources */,
				F827909C1D0488950049A7CA /* LCEditHeadIconViewController.m in Sources */,
				F82790B11D0488950049A7CA /* LCHeadIconBgView.m in Sources */,
				F82790B21D0488950049A7CA /* LCMineTopView.m in Sources */,
				F82790B91D0488950049A7CA /* LCLog.m in Sources */,
				F82790391D0482E40049A7CA /* main.m in Sources */,
				F82790AF1D0488950049A7CA /* LCSettingViewController.m in Sources */,
				F82790BD1D0488950049A7CA /* WMDatepicker_DateModel.m in Sources */,
				F82790D91D0488B50049A7CA /* LCTabbarController.m in Sources */,
				F82790A41D0488950049A7CA /* LCLoginViewController.m in Sources */,
				F82790A71D0488950049A7CA /* LCNoCollectionViewController.m in Sources */,
				F82790A01D0488950049A7CA /* LCForgetPasswordViewController.m in Sources */,
				F8081C661DB526ED00CD8207 /* LCContactViewController.m in Sources */,
				F82790B81D0488950049A7CA /* LCConst.m in Sources */,
				F82790BC1D0488950049A7CA /* WMCustomDatePicker.m in Sources */,
				F8C71B141DB5EA410058BF87 /* LCIMService.m in Sources */,
				F827909E1D0488950049A7CA /* LCFeedbackViewController.m in Sources */,
				F82790A81D0488950049A7CA /* LCProfileViewController.m in Sources */,
				F82790A21D0488950049A7CA /* LCInputViewController.m in Sources */,
				F82790BB1D0488950049A7CA /* UIBarButtonItem+BlockSupport.m in Sources */,
				F82790DC1D0488B50049A7CA /* BaseCellModel.m in Sources */,
				F82790991D0488950049A7CA /* AppDelegate.m in Sources */,
				F82790D81D0488B50049A7CA /* LCNavigationController.m in Sources */,
				F82790DE1D0488B50049A7CA /* LCUser.m in Sources */,
			);
			runOnlyForDeploymentPostprocessing = 0;
		};
/* End PBXSourcesBuildPhase section */

/* Begin PBXVariantGroup section */
		F82790451D0482E40049A7CA /* LaunchScreen.storyboard */ = {
			isa = PBXVariantGroup;
			children = (
				F82790461D0482E40049A7CA /* Base */,
			);
			name = LaunchScreen.storyboard;
			sourceTree = "<group>";
		};
/* End PBXVariantGroup section */

/* Begin XCBuildConfiguration section */
		F82790491D0482E40049A7CA /* Debug */ = {
			isa = XCBuildConfiguration;
			buildSettings = {
				ALWAYS_SEARCH_USER_PATHS = NO;
				CLANG_ANALYZER_NONNULL = YES;
				CLANG_CXX_LANGUAGE_STANDARD = "gnu++0x";
				CLANG_CXX_LIBRARY = "libc++";
				CLANG_ENABLE_MODULES = YES;
				CLANG_ENABLE_OBJC_ARC = YES;
				CLANG_WARN_BOOL_CONVERSION = YES;
				CLANG_WARN_CONSTANT_CONVERSION = YES;
				CLANG_WARN_DIRECT_OBJC_ISA_USAGE = YES_ERROR;
				CLANG_WARN_EMPTY_BODY = YES;
				CLANG_WARN_ENUM_CONVERSION = YES;
				CLANG_WARN_INFINITE_RECURSION = YES;
				CLANG_WARN_INT_CONVERSION = YES;
				CLANG_WARN_OBJC_ROOT_CLASS = YES_ERROR;
				CLANG_WARN_SUSPICIOUS_MOVE = YES;
				CLANG_WARN_UNREACHABLE_CODE = YES;
				CLANG_WARN__DUPLICATE_METHOD_MATCH = YES;
				"CODE_SIGN_IDENTITY[sdk=iphoneos*]" = "iPhone Developer";
				COPY_PHASE_STRIP = NO;
				DEBUG_INFORMATION_FORMAT = dwarf;
				ENABLE_STRICT_OBJC_MSGSEND = YES;
				ENABLE_TESTABILITY = YES;
				GCC_C_LANGUAGE_STANDARD = gnu99;
				GCC_DYNAMIC_NO_PIC = NO;
				GCC_NO_COMMON_BLOCKS = YES;
				GCC_OPTIMIZATION_LEVEL = 0;
				GCC_PREPROCESSOR_DEFINITIONS = (
					"DEBUG=1",
					"$(inherited)",
				);
				GCC_WARN_64_TO_32_BIT_CONVERSION = YES;
				GCC_WARN_ABOUT_RETURN_TYPE = YES_ERROR;
				GCC_WARN_UNDECLARED_SELECTOR = YES;
				GCC_WARN_UNINITIALIZED_AUTOS = YES_AGGRESSIVE;
				GCC_WARN_UNUSED_FUNCTION = YES;
				GCC_WARN_UNUSED_VARIABLE = YES;
				IPHONEOS_DEPLOYMENT_TARGET = 9.3;
				MTL_ENABLE_DEBUG_INFO = YES;
				ONLY_ACTIVE_ARCH = YES;
				SDKROOT = iphoneos;
			};
			name = Debug;
		};
		F827904A1D0482E40049A7CA /* Release */ = {
			isa = XCBuildConfiguration;
			buildSettings = {
				ALWAYS_SEARCH_USER_PATHS = NO;
				CLANG_ANALYZER_NONNULL = YES;
				CLANG_CXX_LANGUAGE_STANDARD = "gnu++0x";
				CLANG_CXX_LIBRARY = "libc++";
				CLANG_ENABLE_MODULES = YES;
				CLANG_ENABLE_OBJC_ARC = YES;
				CLANG_WARN_BOOL_CONVERSION = YES;
				CLANG_WARN_CONSTANT_CONVERSION = YES;
				CLANG_WARN_DIRECT_OBJC_ISA_USAGE = YES_ERROR;
				CLANG_WARN_EMPTY_BODY = YES;
				CLANG_WARN_ENUM_CONVERSION = YES;
				CLANG_WARN_INFINITE_RECURSION = YES;
				CLANG_WARN_INT_CONVERSION = YES;
				CLANG_WARN_OBJC_ROOT_CLASS = YES_ERROR;
				CLANG_WARN_SUSPICIOUS_MOVE = YES;
				CLANG_WARN_UNREACHABLE_CODE = YES;
				CLANG_WARN__DUPLICATE_METHOD_MATCH = YES;
				"CODE_SIGN_IDENTITY[sdk=iphoneos*]" = "iPhone Developer";
				COPY_PHASE_STRIP = NO;
				DEBUG_INFORMATION_FORMAT = "dwarf-with-dsym";
				ENABLE_NS_ASSERTIONS = NO;
				ENABLE_STRICT_OBJC_MSGSEND = YES;
				GCC_C_LANGUAGE_STANDARD = gnu99;
				GCC_NO_COMMON_BLOCKS = YES;
				GCC_WARN_64_TO_32_BIT_CONVERSION = YES;
				GCC_WARN_ABOUT_RETURN_TYPE = YES_ERROR;
				GCC_WARN_UNDECLARED_SELECTOR = YES;
				GCC_WARN_UNINITIALIZED_AUTOS = YES_AGGRESSIVE;
				GCC_WARN_UNUSED_FUNCTION = YES;
				GCC_WARN_UNUSED_VARIABLE = YES;
				IPHONEOS_DEPLOYMENT_TARGET = 9.3;
				MTL_ENABLE_DEBUG_INFO = NO;
				SDKROOT = iphoneos;
				VALIDATE_PRODUCT = YES;
			};
			name = Release;
		};
		F827904C1D0482E40049A7CA /* Debug */ = {
			isa = XCBuildConfiguration;
			baseConfigurationReference = DA8B136507BBEB91F1CEBC29 /* Pods-Lucky2me.debug.xcconfig */;
			buildSettings = {
				ASSETCATALOG_COMPILER_APPICON_NAME = AppIcon;
				DEVELOPMENT_TEAM = 4WWFZEKKG2;
				GCC_PREFIX_HEADER = "$(SRCROOT)/Lucky2me/Classes/Utils/PrefixHeader.pch";
				INFOPLIST_FILE = Lucky2me/Info.plist;
				LD_RUNPATH_SEARCH_PATHS = "$(inherited) @executable_path/Frameworks";
				PRODUCT_BUNDLE_IDENTIFIER = com.lucky2me;
				PRODUCT_NAME = "$(TARGET_NAME)";
			};
			name = Debug;
		};
		F827904D1D0482E40049A7CA /* Release */ = {
			isa = XCBuildConfiguration;
			baseConfigurationReference = 03785F90E3642D3704AE8D31 /* Pods-Lucky2me.release.xcconfig */;
			buildSettings = {
				ASSETCATALOG_COMPILER_APPICON_NAME = AppIcon;
				DEVELOPMENT_TEAM = 4WWFZEKKG2;
				GCC_PREFIX_HEADER = "$(SRCROOT)/Lucky2me/Classes/Utils/PrefixHeader.pch";
				INFOPLIST_FILE = Lucky2me/Info.plist;
				LD_RUNPATH_SEARCH_PATHS = "$(inherited) @executable_path/Frameworks";
				PRODUCT_BUNDLE_IDENTIFIER = com.lucky2me;
				PRODUCT_NAME = "$(TARGET_NAME)";
			};
			name = Release;
		};
/* End XCBuildConfiguration section */

/* Begin XCConfigurationList section */
		F827902F1D0482E40049A7CA /* Build configuration list for PBXProject "Lucky2me" */ = {
			isa = XCConfigurationList;
			buildConfigurations = (
				F82790491D0482E40049A7CA /* Debug */,
				F827904A1D0482E40049A7CA /* Release */,
			);
			defaultConfigurationIsVisible = 0;
			defaultConfigurationName = Release;
		};
		F827904B1D0482E40049A7CA /* Build configuration list for PBXNativeTarget "Lucky2me" */ = {
			isa = XCConfigurationList;
			buildConfigurations = (
				F827904C1D0482E40049A7CA /* Debug */,
				F827904D1D0482E40049A7CA /* Release */,
			);
			defaultConfigurationIsVisible = 0;
			defaultConfigurationName = Release;
		};
/* End XCConfigurationList section */
	};
	rootObject = F827902C1D0482E40049A7CA /* Project object */;
}
